// !$*UTF8*$!
{
	archiveVersion = 1;
	classes = {
	};
	objectVersion = 46;
	objects = {

/* Begin PBXBuildFile section */
		362A8C031CDF045F0019AE72 /* PlayerDetailsViewController.swift in Sources */ = {isa = PBXBuildFile; fileRef = 362A8C021CDF045F0019AE72 /* PlayerDetailsViewController.swift */; };
		362A8C051CDF11910019AE72 /* GamePickerViewController.swift in Sources */ = {isa = PBXBuildFile; fileRef = 362A8C041CDF11910019AE72 /* GamePickerViewController.swift */; };
		362D0B101CC862F60069D2C5 /* AppDelegate.swift in Sources */ = {isa = PBXBuildFile; fileRef = 362D0B0F1CC862F60069D2C5 /* AppDelegate.swift */; };
		362D0B121CC862F60069D2C5 /* ViewController.swift in Sources */ = {isa = PBXBuildFile; fileRef = 362D0B111CC862F60069D2C5 /* ViewController.swift */; };
		362D0B151CC862F60069D2C5 /* Main.storyboard in Resources */ = {isa = PBXBuildFile; fileRef = 362D0B131CC862F60069D2C5 /* Main.storyboard */; settings = {ASSET_TAGS = (100, 101, ); }; };
		362D0B171CC862F60069D2C5 /* Assets.xcassets in Resources */ = {isa = PBXBuildFile; fileRef = 362D0B161CC862F60069D2C5 /* Assets.xcassets */; };
		362D0B1A1CC862F60069D2C5 /* LaunchScreen.storyboard in Resources */ = {isa = PBXBuildFile; fileRef = 362D0B181CC862F60069D2C5 /* LaunchScreen.storyboard */; };
		36734F691CC9F33100226503 /* PlayersViewController.swift in Sources */ = {isa = PBXBuildFile; fileRef = 36734F681CC9F33100226503 /* PlayersViewController.swift */; };
		36734F6B1CC9F3C000226503 /* Player.swift in Sources */ = {isa = PBXBuildFile; fileRef = 36734F6A1CC9F3C000226503 /* Player.swift */; };
		36734F6D1CC9F5CC00226503 /* SampleData.swift in Sources */ = {isa = PBXBuildFile; fileRef = 36734F6C1CC9F5CC00226503 /* SampleData.swift */; };
/* End PBXBuildFile section */

/* Begin PBXFileReference section */
		362A8C021CDF045F0019AE72 /* PlayerDetailsViewController.swift */ = {isa = PBXFileReference; fileEncoding = 4; lastKnownFileType = sourcecode.swift; path = PlayerDetailsViewController.swift; sourceTree = "<group>"; };
		362A8C041CDF11910019AE72 /* GamePickerViewController.swift */ = {isa = PBXFileReference; fileEncoding = 4; lastKnownFileType = sourcecode.swift; path = GamePickerViewController.swift; sourceTree = "<group>"; };
		362D0B0C1CC862F40069D2C5 /* Lab1.app */ = {isa = PBXFileReference; explicitFileType = wrapper.application; includeInIndex = 0; path = Lab1.app; sourceTree = BUILT_PRODUCTS_DIR; };
		362D0B0F1CC862F60069D2C5 /* AppDelegate.swift */ = {isa = PBXFileReference; lastKnownFileType = sourcecode.swift; path = AppDelegate.swift; sourceTree = "<group>"; };
		362D0B111CC862F60069D2C5 /* ViewController.swift */ = {isa = PBXFileReference; lastKnownFileType = sourcecode.swift; path = ViewController.swift; sourceTree = "<group>"; };
		362D0B141CC862F60069D2C5 /* Base */ = {isa = PBXFileReference; lastKnownFileType = file.storyboard; name = Base; path = Base.lproj/Main.storyboard; sourceTree = "<group>"; };
		362D0B161CC862F60069D2C5 /* Assets.xcassets */ = {isa = PBXFileReference; lastKnownFileType = folder.assetcatalog; path = Assets.xcassets; sourceTree = "<group>"; };
		362D0B191CC862F60069D2C5 /* Base */ = {isa = PBXFileReference; lastKnownFileType = file.storyboard; name = Base; path = Base.lproj/LaunchScreen.storyboard; sourceTree = "<group>"; };
		362D0B1B1CC862F60069D2C5 /* Info.plist */ = {isa = PBXFileReference; lastKnownFileType = text.plist.xml; path = Info.plist; sourceTree = "<group>"; };
		36734F681CC9F33100226503 /* PlayersViewController.swift */ = {isa = PBXFileReference; fileEncoding = 4; lastKnownFileType = sourcecode.swift; path = PlayersViewController.swift; sourceTree = "<group>"; };
		36734F6A1CC9F3C000226503 /* Player.swift */ = {isa = PBXFileReference; fileEncoding = 4; lastKnownFileType = sourcecode.swift; path = Player.swift; sourceTree = "<group>"; };
		36734F6C1CC9F5CC00226503 /* SampleData.swift */ = {isa = PBXFileReference; fileEncoding = 4; lastKnownFileType = sourcecode.swift; path = SampleData.swift; sourceTree = "<group>"; };
/* End PBXFileReference section */

/* Begin PBXFrameworksBuildPhase section */
		362D0B091CC862F40069D2C5 /* Frameworks */ = {
			isa = PBXFrameworksBuildPhase;
			buildActionMask = 2147483647;
			files = (
			);
			runOnlyForDeploymentPostprocessing = 0;
		};
/* End PBXFrameworksBuildPhase section */

/* Begin PBXGroup section */
		362D0B031CC862F40069D2C5 = {
			isa = PBXGroup;
			children = (
				362D0B0E1CC862F60069D2C5 /* Lab1 */,
				362D0B0D1CC862F40069D2C5 /* Products */,
			);
			sourceTree = "<group>";
		};
		362D0B0D1CC862F40069D2C5 /* Products */ = {
			isa = PBXGroup;
			children = (
				362D0B0C1CC862F40069D2C5 /* Lab1.app */,
			);
			name = Products;
			sourceTree = "<group>";
		};
		362D0B0E1CC862F60069D2C5 /* Lab1 */ = {
			isa = PBXGroup;
			children = (
				362D0B0F1CC862F60069D2C5 /* AppDelegate.swift */,
				362D0B111CC862F60069D2C5 /* ViewController.swift */,
				362D0B131CC862F60069D2C5 /* Main.storyboard */,
				362A8C041CDF11910019AE72 /* GamePickerViewController.swift */,
				362A8C021CDF045F0019AE72 /* PlayerDetailsViewController.swift */,
				36734F6A1CC9F3C000226503 /* Player.swift */,
				36734F6C1CC9F5CC00226503 /* SampleData.swift */,
				36734F681CC9F33100226503 /* PlayersViewController.swift */,
				362D0B161CC862F60069D2C5 /* Assets.xcassets */,
				362D0B181CC862F60069D2C5 /* LaunchScreen.storyboard */,
				362D0B1B1CC862F60069D2C5 /* Info.plist */,
			);
			path = Lab1;
			sourceTree = "<group>";
		};
/* End PBXGroup section */

/* Begin PBXNativeTarget section */
		362D0B0B1CC862F40069D2C5 /* Lab1 */ = {
			isa = PBXNativeTarget;
			buildConfigurationList = 362D0B1E1CC862F60069D2C5 /* Build configuration list for PBXNativeTarget "Lab1" */;
			buildPhases = (
				362D0B081CC862F40069D2C5 /* Sources */,
				362D0B091CC862F40069D2C5 /* Frameworks */,
				362D0B0A1CC862F40069D2C5 /* Resources */,
			);
			buildRules = (
			);
			dependencies = (
			);
			name = Lab1;
			productName = Lab1;
			productReference = 362D0B0C1CC862F40069D2C5 /* Lab1.app */;
			productType = "com.apple.product-type.application";
		};
/* End PBXNativeTarget section */

/* Begin PBXProject section */
		362D0B041CC862F40069D2C5 /* Project object */ = {
			isa = PBXProject;
			attributes = {
				KnownAssetTags = (
					100,
					101,
				);
				LastSwiftUpdateCheck = 0730;
				LastUpgradeCheck = 0730;
				ORGANIZATIONNAME = "Justin Lee";
				TargetAttributes = {
					362D0B0B1CC862F40069D2C5 = {
						CreatedOnToolsVersion = 7.3;
						DevelopmentTeam = E8ETRGBPHS;
					};
				};
			};
			buildConfigurationList = 362D0B071CC862F40069D2C5 /* Build configuration list for PBXProject "Lab1" */;
			compatibilityVersion = "Xcode 3.2";
			developmentRegion = English;
			hasScannedForEncodings = 0;
			knownRegions = (
				en,
				Base,
			);
			mainGroup = 362D0B031CC862F40069D2C5;
			productRefGroup = 362D0B0D1CC862F40069D2C5 /* Products */;
			projectDirPath = "";
			projectRoot = "";
			targets = (
				362D0B0B1CC862F40069D2C5 /* Lab1 */,
			);
		};
/* End PBXProject section */

/* Begin PBXResourcesBuildPhase section */
		362D0B0A1CC862F40069D2C5 /* Resources */ = {
			isa = PBXResourcesBuildPhase;
			buildActionMask = 2147483647;
			files = (
				362D0B1A1CC862F60069D2C5 /* LaunchScreen.storyboard in Resources */,
				362D0B171CC862F60069D2C5 /* Assets.xcassets in Resources */,
				362D0B151CC862F60069D2C5 /* Main.storyboard in Resources */,
			);
			runOnlyForDeploymentPostprocessing = 0;
		};
/* End PBXResourcesBuildPhase section */

/* Begin PBXSourcesBuildPhase section */
		362D0B081CC862F40069D2C5 /* Sources */ = {
			isa = PBXSourcesBuildPhase;
			buildActionMask = 2147483647;
			files = (
				36734F6B1CC9F3C000226503 /* Player.swift in Sources */,
				362D0B121CC862F60069D2C5 /* ViewController.swift in Sources */,
				362A8C051CDF11910019AE72 /* GamePickerViewController.swift in Sources */,
				362A8C031CDF045F0019AE72 /* PlayerDetailsViewController.swift in Sources */,
				362D0B101CC862F60069D2C5 /* AppDelegate.swift in Sources */,
				36734F6D1CC9F5CC00226503 /* SampleData.swift in Sources */,
				36734F691CC9F33100226503 /* PlayersViewController.swift in Sources */,
			);
			runOnlyForDeploymentPostprocessing = 0;
		};
/* End PBXSourcesBuildPhase section */

/* Begin PBXVariantGroup section */
		362D0B131CC862F60069D2C5 /* Main.storyboard */ = {
			isa = PBXVariantGroup;
			children = (
				362D0B141CC862F60069D2C5 /* Base */,
			);
			name = Main.storyboard;
			sourceTree = "<group>";
		};
		362D0B181CC862F60069D2C5 /* LaunchScreen.storyboard */ = {
			isa = PBXVariantGroup;
			children = (
				362D0B191CC862F60069D2C5 /* Base */,
			);
			name = LaunchScreen.storyboard;
			sourceTree = "<group>";
		};
/* End PBXVariantGroup section */

/* Begin XCBuildConfiguration section */
		362D0B1C1CC862F60069D2C5 /* Debug */ = {
			isa = XCBuildConfiguration;
			buildSettings = {
				ALWAYS_SEARCH_USER_PATHS = NO;
				CLANG_ANALYZER_NONNULL = YES;
				CLANG_CXX_LANGUAGE_STANDARD = "gnu++0x";
				CLANG_CXX_LIBRARY = "libc++";
				CLANG_ENABLE_MODULES = YES;
				CLANG_ENABLE_OBJC_ARC = YES;
				CLANG_WARN_BOOL_CONVERSION = YES;
				CLANG_WARN_CONSTANT_CONVERSION = YES;
				CLANG_WARN_DIRECT_OBJC_ISA_USAGE = YES_ERROR;
				CLANG_WARN_EMPTY_BODY = YES;
				CLANG_WARN_ENUM_CONVERSION = YES;
				CLANG_WARN_INT_CONVERSION = YES;
				CLANG_WARN_OBJC_ROOT_CLASS = YES_ERROR;
				CLANG_WARN_UNREACHABLE_CODE = YES;
				CLANG_WARN__DUPLICATE_METHOD_MATCH = YES;
				"CODE_SIGN_IDENTITY[sdk=iphoneos*]" = "iPhone Developer";
				COPY_PHASE_STRIP = NO;
				DEBUG_INFORMATION_FORMAT = dwarf;
				ENABLE_STRICT_OBJC_MSGSEND = YES;
				ENABLE_TESTABILITY = YES;
				GCC_C_LANGUAGE_STANDARD = gnu99;
				GCC_DYNAMIC_NO_PIC = NO;
				GCC_NO_COMMON_BLOCKS = YES;
				GCC_OPTIMIZATION_LEVEL = 0;
				GCC_PREPROCESSOR_DEFINITIONS = (
					"DEBUG=1",
					"$(inherited)",
				);
				GCC_WARN_64_TO_32_BIT_CONVERSION = YES;
				GCC_WARN_ABOUT_RETURN_TYPE = YES_ERROR;
				GCC_WARN_UNDECLARED_SELECTOR = YES;
				GCC_WARN_UNINITIALIZED_AUTOS = YES_AGGRESSIVE;
				GCC_WARN_UNUSED_FUNCTION = YES;
				GCC_WARN_UNUSED_VARIABLE = YES;
				IPHONEOS_DEPLOYMENT_TARGET = 9.3;
				MTL_ENABLE_DEBUG_INFO = YES;
				ONLY_ACTIVE_ARCH = YES;
				SDKROOT = iphoneos;
				SWIFT_OPTIMIZATION_LEVEL = "-Onone";
			};
			name = Debug;
		};
		362D0B1D1CC862F60069D2C5 /* Release */ = {
			isa = XCBuildConfiguration;
			buildSettings = {
				ALWAYS_SEARCH_USER_PATHS = NO;
				CLANG_ANALYZER_NONNULL = YES;
				CLANG_CXX_LANGUAGE_STANDARD = "gnu++0x";
				CLANG_CXX_LIBRARY = "libc++";
				CLANG_ENABLE_MODULES = YES;
				CLANG_ENABLE_OBJC_ARC = YES;
				CLANG_WARN_BOOL_CONVERSION = YES;
				CLANG_WARN_CONSTANT_CONVERSION = YES;
				CLANG_WARN_DIRECT_OBJC_ISA_USAGE = YES_ERROR;
				CLANG_WARN_EMPTY_BODY = YES;
				CLANG_WARN_ENUM_CONVERSION = YES;
				CLANG_WARN_INT_CONVERSION = YES;
				CLANG_WARN_OBJC_ROOT_CLASS = YES_ERROR;
				CLANG_WARN_UNREACHABLE_CODE = YES;
				CLANG_WARN__DUPLICATE_METHOD_MATCH = YES;
				"CODE_SIGN_IDENTITY[sdk=iphoneos*]" = "iPhone Developer";
				COPY_PHASE_STRIP = NO;
				DEBUG_INFORMATION_FORMAT = "dwarf-with-dsym";
				ENABLE_NS_ASSERTIONS = NO;
				ENABLE_STRICT_OBJC_MSGSEND = YES;
				GCC_C_LANGUAGE_STANDARD = gnu99;
				GCC_NO_COMMON_BLOCKS = YES;
				GCC_WARN_64_TO_32_BIT_CONVERSION = YES;
				GCC_WARN_ABOUT_RETURN_TYPE = YES_ERROR;
				GCC_WARN_UNDECLARED_SELECTOR = YES;
				GCC_WARN_UNINITIALIZED_AUTOS = YES_AGGRESSIVE;
				GCC_WARN_UNUSED_FUNCTION = YES;
				GCC_WARN_UNUSED_VARIABLE = YES;
				IPHONEOS_DEPLOYMENT_TARGET = 9.3;
				MTL_ENABLE_DEBUG_INFO = NO;
				SDKROOT = iphoneos;
				VALIDATE_PRODUCT = YES;
			};
			name = Release;
		};
		362D0B1F1CC862F60069D2C5 /* Debug */ = {
			isa = XCBuildConfiguration;
			buildSettings = {
				ASSETCATALOG_COMPILER_APPICON_NAME = AppIcon;
				CODE_SIGN_IDENTITY = "iPhone Developer";
				"CODE_SIGN_IDENTITY[sdk=iphoneos*]" = "iPhone Developer";
				INFOPLIST_FILE = Lab1/Info.plist;
				LD_RUNPATH_SEARCH_PATHS = "$(inherited) @executable_path/Frameworks";
				PRODUCT_BUNDLE_IDENTIFIER = com.example.Lab1;
				PRODUCT_NAME = "$(TARGET_NAME)";
				PROVISIONING_PROFILE = "";
			};
			name = Debug;
		};
		362D0B201CC862F60069D2C5 /* Release */ = {
			isa = XCBuildConfiguration;
			buildSettings = {
				ASSETCATALOG_COMPILER_APPICON_NAME = AppIcon;
				CODE_SIGN_IDENTITY = "iPhone Developer";
				"CODE_SIGN_IDENTITY[sdk=iphoneos*]" = "iPhone Developer";
				INFOPLIST_FILE = Lab1/Info.plist;
				LD_RUNPATH_SEARCH_PATHS = "$(inherited) @executable_path/Frameworks";
				PRODUCT_BUNDLE_IDENTIFIER = com.example.Lab1;
				PRODUCT_NAME = "$(TARGET_NAME)";
				PROVISIONING_PROFILE = "";
			};
			name = Release;
		};
/* End XCBuildConfiguration section */

/* Begin XCConfigurationList section */
		362D0B071CC862F40069D2C5 /* Build configuration list for PBXProject "Lab1" */ = {
			isa = XCConfigurationList;
			buildConfigurations = (
				362D0B1C1CC862F60069D2C5 /* Debug */,
				362D0B1D1CC862F60069D2C5 /* Release */,
			);
			defaultConfigurationIsVisible = 0;
			defaultConfigurationName = Release;
		};
		362D0B1E1CC862F60069D2C5 /* Build configuration list for PBXNativeTarget "Lab1" */ = {
			isa = XCConfigurationList;
			buildConfigurations = (
				362D0B1F1CC862F60069D2C5 /* Debug */,
				362D0B201CC862F60069D2C5 /* Release */,
			);
			defaultConfigurationIsVisible = 0;
			defaultConfigurationName = Release;
		};
/* End XCConfigurationList section */
	};
	rootObject = 362D0B041CC862F40069D2C5 /* Project object */;
}
